
Microsoft Visual Studio Solution File, Format Version 12.00
# Visual Studio Version 16
VisualStudioVersion = 16.0.30114.105
MinimumVisualStudioVersion = 10.0.40219.1
Project("{FAE04EC0-301F-11D3-BF4B-00C04F79EFBC}") = "2.9", "2.9\2.9.csproj", "{FE720FFE-1656-4664-B02A-36E983629945}"
EndProject
Global
	GlobalSection(SolutionConfigurationPlatforms) = preSolution
		Debug|Any CPU = Debug|Any CPU
		Release|Any CPU = Release|Any CPU
	EndGlobalSection
	GlobalSection(ProjectConfigurationPlatforms) = postSolution
		{FE720FFE-1656-4664-B02A-36E983629945}.Debug|Any CPU.ActiveCfg = Debug|Any CPU
		{FE720FFE-1656-4664-B02A-36E983629945}.Debug|Any CPU.Build.0 = Debug|Any CPU
		{FE720FFE-1656-4664-B02A-36E983629945}.Release|Any CPU.ActiveCfg = Release|Any CPU
		{FE720FFE-1656-4664-B02A-36E983629945}.Release|Any CPU.Build.0 = Release|Any CPU
	EndGlobalSection
	GlobalSection(SolutionProperties) = preSolution
		HideSolutionNode = FALSE
	EndGlobalSection
	GlobalSection(ExtensibilityGlobals) = postSolution
		SolutionGuid = {AB9359CB-17E4-4779-83C8-F2284B4BB431}
	EndGlobalSection
EndGlobal
